# THIS IS AN AUTOGENERATED FILE. DO NOT EDIT THIS FILE DIRECTLY.
# yarn lockfile v1


"@gh-conf/gh-conf-constants@^1.0.0":
  version "1.0.0"
  resolved "https://registry.yarnpkg.com/@gh-conf/gh-conf-constants/-/gh-conf-constants-1.0.0.tgz#ae573b13bf5d81d70250925660110e600b7fb21f"
  integrity sha512-yANB3zhew/GT5/N6woH7wKKGgPSJqa1PuLqMRckt48M9WzAj8BMDN9p8a/6VgT61kmYX21dm9HW9DbovN3zNGw==

"@gh-conf/gh-conf-path@^1.0.0":
  version "1.0.0"
  resolved "https://registry.yarnpkg.com/@gh-conf/gh-conf-path/-/gh-conf-path-1.0.0.tgz#ed7c6bba3ccbea02d674389c87b6944e25f16cbe"
  integrity sha512-Kyzk5yEhsXjqxreo04pXdeoy8iNrd+TpX3bqEZL7bUXIvWx0w4qzP6d2T+jdNQzjLdqpZ4VqL7Vv+VgaaujMAQ==

"@gh-conf/gh-conf-read@^1.1.0":
  version "1.1.0"
  resolved "https://registry.yarnpkg.com/@gh-conf/gh-conf-read/-/gh-conf-read-1.1.0.tgz#a64b0d767808a29c7cb46a467a4e86f4f4786cd5"
  integrity sha512-PCesv3UEsrgsUNg5uzqjLu5h+n/zrDEZ4l7ZwHqKXZQHyGhiRnzYMRztWGZzOe+almD0qKij1y7vS367DqtuhA==
  dependencies:
    "@gh-conf/gh-conf-constants" "^1.0.0"
    "@gh-conf/gh-conf-path" "^1.0.0"
    "@gh-conf/gh-conf-response" "^1.0.2"
    "@gh-conf/gh-conf-validate" "^1.0.1"

"@gh-conf/gh-conf-response@^1.0.0", "@gh-conf/gh-conf-response@^1.0.2":
  version "1.0.2"
  resolved "https://registry.yarnpkg.com/@gh-conf/gh-conf-response/-/gh-conf-response-1.0.2.tgz#089992d2daa044bd13a5790b7e3683f38f241b00"
  integrity sha512-4KNpBYbB+aWPbOD3Ckjqtsp0S07MPegTi+/1CZ19uQJdUz4qZt8w7Bs4wvUSG1/qxJ+rJRgEpwteQMj1fXWXNg==

"@gh-conf/gh-conf-validate@^1.0.1":
  version "1.0.1"
  resolved "https://registry.yarnpkg.com/@gh-conf/gh-conf-validate/-/gh-conf-validate-1.0.1.tgz#dc71d215c365e7209ab3521f2b06a747bd94fc58"
  integrity sha512-C8/LqnU3hRUJG9vLWt6T/PtSLxc0OHsVvy3MuhRmjSa0u45qvVXibEMO78CC0T1X9NWHrz/zuhBMbfG3EfmmTA==
  dependencies:
    "@gh-conf/gh-conf-response" "^1.0.0"

"@gh-conf/gh-conf-write@^1.1.0":
  version "1.1.0"
  resolved "https://registry.yarnpkg.com/@gh-conf/gh-conf-write/-/gh-conf-write-1.1.0.tgz#62d1307bc9eb8ddc774d087a2e3c1be366f45968"
  integrity sha512-oKsH3HzVxjUM+rspAtXwr2uikM/VC77lQ3tu4pWPWki5jwAGAPI0GmOEi6kk3etEF8IWQvAD4XhAThyfur636A==
  dependencies:
    "@gh-conf/gh-conf-constants" "^1.0.0"
    "@gh-conf/gh-conf-path" "^1.0.0"
    "@gh-conf/gh-conf-response" "^1.0.2"
    "@gh-conf/gh-conf-validate" "^1.0.1"

ansi-styles@^3.2.1:
  version "3.2.1"
  resolved "https://registry.yarnpkg.com/ansi-styles/-/ansi-styles-3.2.1.tgz#41fbb20243e50b12be0f04b8dedbf07520ce841d"
  integrity sha512-VT0ZI6kZRdTh8YyJw3SMbYm/u+NqfsAxEpWO0Pf9sq8/e94WxxOpPKx9FR1FlyCtOVDNOQ+8ntlqFxiRc+r5qA==
  dependencies:
    color-convert "^1.9.0"

chalk@^2.0.1:
  version "2.4.2"
  resolved "https://registry.yarnpkg.com/chalk/-/chalk-2.4.2.tgz#cd42541677a54333cf541a49108c1432b44c9424"
  integrity sha512-Mti+f9lpJNcwF4tWV8/OrTTtF1gZi+f8FqlyAdouralcFWFQWF2+NgCHShjkCb+IFBLq9buZwE1xckQU4peSuQ==
  dependencies:
    ansi-styles "^3.2.1"
    escape-string-regexp "^1.0.5"
    supports-color "^5.3.0"

color-convert@^1.9.0:
  version "1.9.3"
  resolved "https://registry.yarnpkg.com/color-convert/-/color-convert-1.9.3.tgz#bb71850690e1f136567de629d2d5471deda4c1e8"
  integrity sha512-QfAUtd+vFdAtFQcC8CCyYt1fYWxSqAiK2cSD6zDB8N3cpsEBAvRxp9zOGg6G/SHHJYAT88/az/IuDGALsNVbGg==
  dependencies:
    color-name "1.1.3"

color-name@1.1.3:
  version "1.1.3"
  resolved "https://registry.yarnpkg.com/color-name/-/color-name-1.1.3.tgz#a7d0558bd89c42f795dd42328f740831ca53bc25"
  integrity sha1-p9BVi9icQveV3UIyj3QIMcpTvCU=

escape-string-regexp@^1.0.5:
  version "1.0.5"
  resolved "https://registry.yarnpkg.com/escape-string-regexp/-/escape-string-regexp-1.0.5.tgz#1b61c0562190a8dff6ae3bb2cf0200ca130b86d4"
  integrity sha1-G2HAViGQqN/2rjuyzwIAyhMLhtQ=

has-flag@^3.0.0:
  version "3.0.0"
  resolved "https://registry.yarnpkg.com/has-flag/-/has-flag-3.0.0.tgz#b5d454dc2199ae225699f3467e5a07f3b955bafd"
  integrity sha1-tdRU3CGZriJWmfNGfloH87lVuv0=

log-symbols@^2.2.0:
  version "2.2.0"
  resolved "https://registry.yarnpkg.com/log-symbols/-/log-symbols-2.2.0.tgz#5740e1c5d6f0dfda4ad9323b5332107ef6b4c40a"
  integrity sha512-VeIAFslyIerEJLXHziedo2basKbMKtTw3vfn5IzG0XTjhAVEJyNHnL2p7vc+wBDSdQuUpNw3M2u6xb9QsAY5Eg==
  dependencies:
    chalk "^2.0.1"

make-dir@^1.3.0:
  version "1.3.0"
  resolved "https://registry.yarnpkg.com/make-dir/-/make-dir-1.3.0.tgz#79c1033b80515bd6d24ec9933e860ca75ee27f0c"
  integrity sha512-2w31R7SJtieJJnQtGc7RVL2StM2vGYVfqUOvUDxH6bC6aJTxPxTF0GnIgCyu7tjockiUWAYQRbxa7vKn34s5sQ==
  dependencies:
    pify "^3.0.0"

pify@^3.0.0:
  version "3.0.0"
  resolved "https://registry.yarnpkg.com/pify/-/pify-3.0.0.tgz#e5a4acd2c101fdf3d9a4d07f0dbc4db49dd28176"
  integrity sha1-5aSs0sEB/fPZpNB/DbxNtJ3SgXY=

supports-color@^5.3.0:
  version "5.5.0"
  resolved "https://registry.yarnpkg.com/supports-color/-/supports-color-5.5.0.tgz#e2e69a44ac8772f78a1ec0b35b689df6530efc8f"
  integrity sha512-QjVjwdXIt408MIiAqCX4oUKsgU2EqAGzs2Ppkm4aQYbjm+ZEWEcW4SfFNTr4uMNZma0ey4f5lgLrkB0aX0QMow==
  dependencies:
    has-flag "^3.0.0"
